
Microsoft Visual Studio Solution File, Format Version 12.00
# Visual Studio 15
VisualStudioVersion = 15.0.28010.2036
MinimumVisualStudioVersion = 10.0.40219.1
Project("{FAE04EC0-301F-11D3-BF4B-00C04F79EFBC}") = "XmlLib", "XmlLib\XmlLib.csproj", "{80B3111C-ADB7-41A1-AE0B-73BE70FD4154}"
EndProject
Global
	GlobalSection(SolutionConfigurationPlatforms) = preSolution
		Debug|Any CPU = Debug|Any CPU
		Release|Any CPU = Release|Any CPU
	EndGlobalSection
	GlobalSection(ProjectConfigurationPlatforms) = postSolution
		{80B3111C-ADB7-41A1-AE0B-73BE70FD4154}.Debug|Any CPU.ActiveCfg = Debug|Any CPU
		{80B3111C-ADB7-41A1-AE0B-73BE70FD4154}.Debug|Any CPU.Build.0 = Debug|Any CPU
		{80B3111C-ADB7-41A1-AE0B-73BE70FD4154}.Release|Any CPU.ActiveCfg = Release|Any CPU
		{80B3111C-ADB7-41A1-AE0B-73BE70FD4154}.Release|Any CPU.Build.0 = Release|Any CPU
	EndGlobalSection
	GlobalSection(SolutionProperties) = preSolution
		HideSolutionNode = FALSE
	EndGlobalSection
	GlobalSection(ExtensibilityGlobals) = postSolution
		SolutionGuid = {DDD52DDB-2DBC-42D9-87D3-677039C2D5A4}
	EndGlobalSection
EndGlobal
